
Microsoft Visual Studio Solution File, Format Version 12.00
# Visual Studio Version 17
VisualStudioVersion = 17.11.35222.181
MinimumVisualStudioVersion = 10.0.40219.1
Project("{FAE04EC0-301F-11D3-BF4B-00C04F79EFBC}") = "MyShop", "MyShop.csproj", "{B3B81AA3-0320-429D-AB09-2E9AD3E200FB}"
EndProject
Global
	GlobalSection(SolutionConfigurationPlatforms) = preSolution
		Debug|Any CPU = Debug|Any CPU
		Release|Any CPU = Release|Any CPU
	EndGlobalSection
	GlobalSection(ProjectConfigurationPlatforms) = postSolution
		{B3B81AA3-0320-429D-AB09-2E9AD3E200FB}.Debug|Any CPU.ActiveCfg = Debug|Any CPU
		{B3B81AA3-0320-429D-AB09-2E9AD3E200FB}.Debug|Any CPU.Build.0 = Debug|Any CPU
		{B3B81AA3-0320-429D-AB09-2E9AD3E200FB}.Release|Any CPU.ActiveCfg = Release|Any CPU
		{B3B81AA3-0320-429D-AB09-2E9AD3E200FB}.Release|Any CPU.Build.0 = Release|Any CPU
	EndGlobalSection
	GlobalSection(SolutionProperties) = preSolution
		HideSolutionNode = FALSE
	EndGlobalSection
	GlobalSection(ExtensibilityGlobals) = postSolution
		SolutionGuid = {0BD13075-D058-411A-9A20-5DA6D5FD758D}
	EndGlobalSection
EndGlobal
